
Microsoft Visual Studio Solution File, Format Version 12.00
# Visual Studio Version 16
VisualStudioVersion = 16.0.30523.141
MinimumVisualStudioVersion = 10.0.40219.1
Project("{FAE04EC0-301F-11D3-BF4B-00C04F79EFBC}") = "WebTest2", "WebTest2\WebTest2.csproj", "{11D67A44-3F91-40AB-997D-A453B073DC1C}"
EndProject
Project("{FAE04EC0-301F-11D3-BF4B-00C04F79EFBC}") = "WebTest2.Tests", "WebTest2.Tests\WebTest2.Tests.csproj", "{F1A7569D-4587-44B2-88FA-E3A2E67E3414}"
EndProject
Global
	GlobalSection(SolutionConfigurationPlatforms) = preSolution
		Debug|Any CPU = Debug|Any CPU
		Release|Any CPU = Release|Any CPU
	EndGlobalSection
	GlobalSection(ProjectConfigurationPlatforms) = postSolution
		{11D67A44-3F91-40AB-997D-A453B073DC1C}.Debug|Any CPU.ActiveCfg = Debug|Any CPU
		{11D67A44-3F91-40AB-997D-A453B073DC1C}.Debug|Any CPU.Build.0 = Debug|Any CPU
		{11D67A44-3F91-40AB-997D-A453B073DC1C}.Release|Any CPU.ActiveCfg = Release|Any CPU
		{11D67A44-3F91-40AB-997D-A453B073DC1C}.Release|Any CPU.Build.0 = Release|Any CPU
		{F1A7569D-4587-44B2-88FA-E3A2E67E3414}.Debug|Any CPU.ActiveCfg = Debug|Any CPU
		{F1A7569D-4587-44B2-88FA-E3A2E67E3414}.Debug|Any CPU.Build.0 = Debug|Any CPU
		{F1A7569D-4587-44B2-88FA-E3A2E67E3414}.Release|Any CPU.ActiveCfg = Release|Any CPU
		{F1A7569D-4587-44B2-88FA-E3A2E67E3414}.Release|Any CPU.Build.0 = Release|Any CPU
	EndGlobalSection
	GlobalSection(SolutionProperties) = preSolution
		HideSolutionNode = FALSE
	EndGlobalSection
	GlobalSection(ExtensibilityGlobals) = postSolution
		SolutionGuid = {83ACA495-46E4-4DF4-A940-B3B2137385FD}
	EndGlobalSection
EndGlobal
